
Microsoft Visual Studio Solution File, Format Version 12.00
# Visual Studio Version 16
VisualStudioVersion = 16.0.31005.135
MinimumVisualStudioVersion = 10.0.40219.1
Project("{FAE04EC0-301F-11D3-BF4B-00C04F79EFBC}") = "lab7,9", "lab7,9\lab7,9.csproj", "{D135AA07-F35C-4A61-AB3D-4B1AFE100643}"
EndProject
Global
	GlobalSection(SolutionConfigurationPlatforms) = preSolution
		Debug|Any CPU = Debug|Any CPU
		Release|Any CPU = Release|Any CPU
	EndGlobalSection
	GlobalSection(ProjectConfigurationPlatforms) = postSolution
		{D135AA07-F35C-4A61-AB3D-4B1AFE100643}.Debug|Any CPU.ActiveCfg = Debug|Any CPU
		{D135AA07-F35C-4A61-AB3D-4B1AFE100643}.Debug|Any CPU.Build.0 = Debug|Any CPU
		{D135AA07-F35C-4A61-AB3D-4B1AFE100643}.Release|Any CPU.ActiveCfg = Release|Any CPU
		{D135AA07-F35C-4A61-AB3D-4B1AFE100643}.Release|Any CPU.Build.0 = Release|Any CPU
	EndGlobalSection
	GlobalSection(SolutionProperties) = preSolution
		HideSolutionNode = FALSE
	EndGlobalSection
	GlobalSection(ExtensibilityGlobals) = postSolution
		SolutionGuid = {E95D3759-89CF-414C-AEC9-EA897AD6FF34}
	EndGlobalSection
EndGlobal
