
Microsoft Visual Studio Solution File, Format Version 12.00
# Visual Studio Version 16
VisualStudioVersion = 16.0.31005.135
MinimumVisualStudioVersion = 10.0.40219.1
Project("{FAE04EC0-301F-11D3-BF4B-00C04F79EFBC}") = "binarytree", "binarytree\binarytree.csproj", "{4F630F31-5ECF-448E-93F3-EAA2C54916DB}"
EndProject
Global
	GlobalSection(SolutionConfigurationPlatforms) = preSolution
		Debug|Any CPU = Debug|Any CPU
		Release|Any CPU = Release|Any CPU
	EndGlobalSection
	GlobalSection(ProjectConfigurationPlatforms) = postSolution
		{4F630F31-5ECF-448E-93F3-EAA2C54916DB}.Debug|Any CPU.ActiveCfg = Debug|Any CPU
		{4F630F31-5ECF-448E-93F3-EAA2C54916DB}.Debug|Any CPU.Build.0 = Debug|Any CPU
		{4F630F31-5ECF-448E-93F3-EAA2C54916DB}.Release|Any CPU.ActiveCfg = Release|Any CPU
		{4F630F31-5ECF-448E-93F3-EAA2C54916DB}.Release|Any CPU.Build.0 = Release|Any CPU
	EndGlobalSection
	GlobalSection(SolutionProperties) = preSolution
		HideSolutionNode = FALSE
	EndGlobalSection
	GlobalSection(ExtensibilityGlobals) = postSolution
		SolutionGuid = {B999C6EF-E186-41F0-AC34-C00830AE56B2}
	EndGlobalSection
EndGlobal
