
Microsoft Visual Studio Solution File, Format Version 12.00
# Visual Studio Version 16
VisualStudioVersion = 16.0.31005.135
MinimumVisualStudioVersion = 10.0.40219.1
Project("{FAE04EC0-301F-11D3-BF4B-00C04F79EFBC}") = "ConsoleApp3", "ConsoleApp3\ConsoleApp3.csproj", "{45EEBE3F-043A-41D7-B1C3-D51A5DCEC8A8}"
EndProject
Global
	GlobalSection(SolutionConfigurationPlatforms) = preSolution
		Debug|Any CPU = Debug|Any CPU
		Release|Any CPU = Release|Any CPU
	EndGlobalSection
	GlobalSection(ProjectConfigurationPlatforms) = postSolution
		{45EEBE3F-043A-41D7-B1C3-D51A5DCEC8A8}.Debug|Any CPU.ActiveCfg = Debug|Any CPU
		{45EEBE3F-043A-41D7-B1C3-D51A5DCEC8A8}.Debug|Any CPU.Build.0 = Debug|Any CPU
		{45EEBE3F-043A-41D7-B1C3-D51A5DCEC8A8}.Release|Any CPU.ActiveCfg = Release|Any CPU
		{45EEBE3F-043A-41D7-B1C3-D51A5DCEC8A8}.Release|Any CPU.Build.0 = Release|Any CPU
	EndGlobalSection
	GlobalSection(SolutionProperties) = preSolution
		HideSolutionNode = FALSE
	EndGlobalSection
	GlobalSection(ExtensibilityGlobals) = postSolution
		SolutionGuid = {8F8277AC-DB09-4A98-A0E4-0492F413C09E}
	EndGlobalSection
EndGlobal
